
Microsoft Visual Studio Solution File, Format Version 12.00
# Visual Studio 15
VisualStudioVersion = 15.0.27130.2024
MinimumVisualStudioVersion = 10.0.40219.1
Project("{FAE04EC0-301F-11D3-BF4B-00C04F79EFBC}") = "DockerWorkshopDotNetCoreWebApp", "DockerWorkshopDotNetCoreWebApp\DockerWorkshopDotNetCoreWebApp.csproj", "{C98D357D-81C3-4110-8A0C-BA1EDC36E5B1}"
EndProject
Global
	GlobalSection(SolutionConfigurationPlatforms) = preSolution
		Debug|Any CPU = Debug|Any CPU
		Release|Any CPU = Release|Any CPU
	EndGlobalSection
	GlobalSection(ProjectConfigurationPlatforms) = postSolution
		{C98D357D-81C3-4110-8A0C-BA1EDC36E5B1}.Debug|Any CPU.ActiveCfg = Debug|Any CPU
		{C98D357D-81C3-4110-8A0C-BA1EDC36E5B1}.Debug|Any CPU.Build.0 = Debug|Any CPU
		{C98D357D-81C3-4110-8A0C-BA1EDC36E5B1}.Release|Any CPU.ActiveCfg = Release|Any CPU
		{C98D357D-81C3-4110-8A0C-BA1EDC36E5B1}.Release|Any CPU.Build.0 = Release|Any CPU
	EndGlobalSection
	GlobalSection(SolutionProperties) = preSolution
		HideSolutionNode = FALSE
	EndGlobalSection
	GlobalSection(ExtensibilityGlobals) = postSolution
		SolutionGuid = {1343ABD8-26DB-44FF-84E4-628C51B60624}
	EndGlobalSection
EndGlobal
